
Microsoft Visual Studio Solution File, Format Version 12.00
# Visual Studio Version 17
VisualStudioVersion = 17.11.35312.102
MinimumVisualStudioVersion = 10.0.40219.1
Project("{FAE04EC0-301F-11D3-BF4B-00C04F79EFBC}") = "cs-asynchronous-csharp-sprint", "cs-asynchronous-csharp-sprint\cs-asynchronous-csharp-sprint.csproj", "{2265A362-F999-4EDC-A267-B8724C267861}"
EndProject
Global
	GlobalSection(SolutionConfigurationPlatforms) = preSolution
		Debug|Any CPU = Debug|Any CPU
		Release|Any CPU = Release|Any CPU
	EndGlobalSection
	GlobalSection(ProjectConfigurationPlatforms) = postSolution
		{2265A362-F999-4EDC-A267-B8724C267861}.Debug|Any CPU.ActiveCfg = Debug|Any CPU
		{2265A362-F999-4EDC-A267-B8724C267861}.Debug|Any CPU.Build.0 = Debug|Any CPU
		{2265A362-F999-4EDC-A267-B8724C267861}.Release|Any CPU.ActiveCfg = Release|Any CPU
		{2265A362-F999-4EDC-A267-B8724C267861}.Release|Any CPU.Build.0 = Release|Any CPU
	EndGlobalSection
	GlobalSection(SolutionProperties) = preSolution
		HideSolutionNode = FALSE
	EndGlobalSection
	GlobalSection(ExtensibilityGlobals) = postSolution
		SolutionGuid = {E9AEEE32-6A6B-4944-9F3B-BC5624D0A062}
	EndGlobalSection
EndGlobal
